
Microsoft Visual Studio Solution File, Format Version 12.00
# Visual Studio Version 17
VisualStudioVersion = 17.0.32126.317
MinimumVisualStudioVersion = 10.0.40219.1
Project("{FAE04EC0-301F-11D3-BF4B-00C04F79EFBC}") = "Exe1", "Exe1\Exe1.csproj", "{3BD7C536-37EB-4C7A-9FA8-886B743B0AB0}"
EndProject
Project("{FAE04EC0-301F-11D3-BF4B-00C04F79EFBC}") = "Exe2", "Exe2\Exe2.csproj", "{78FACB1A-EDEE-4EF6-98FE-8751710330C5}"
EndProject
Project("{FAE04EC0-301F-11D3-BF4B-00C04F79EFBC}") = "Exe3", "Exe3\Exe3.csproj", "{09652E01-29E0-4449-9C5F-6F43E6C7CCCF}"
EndProject
Project("{FAE04EC0-301F-11D3-BF4B-00C04F79EFBC}") = "Exe4", "Exe4\Exe4.csproj", "{A8B89B54-C8A2-44D9-8C49-5289EFD5401B}"
EndProject
Project("{FAE04EC0-301F-11D3-BF4B-00C04F79EFBC}") = "Exe5", "Exe5\Exe5.csproj", "{820D5E68-C4BB-462B-8D61-3276D3410787}"
EndProject
Project("{FAE04EC0-301F-11D3-BF4B-00C04F79EFBC}") = "Exe6", "Exe6\Exe6.csproj", "{6BD0BF17-2C7F-43B2-89F1-015F9EDCAE5A}"
EndProject
Project("{FAE04EC0-301F-11D3-BF4B-00C04F79EFBC}") = "challeng", "challeng\challeng.csproj", "{CBF04D5A-7109-434D-AAA8-55B096220EAC}"
EndProject
Project("{FAE04EC0-301F-11D3-BF4B-00C04F79EFBC}") = "Exe7", "Exe7\Exe7.csproj", "{6CAAF8DD-5813-42C9-92D2-52223FC30913}"
EndProject
Project("{FAE04EC0-301F-11D3-BF4B-00C04F79EFBC}") = "Exe8", "Exe8\Exe8.csproj", "{558AAB45-0123-482F-92BD-996B918C0CF2}"
EndProject
Project("{FAE04EC0-301F-11D3-BF4B-00C04F79EFBC}") = "Exe9", "Exe9\Exe9.csproj", "{2F734685-0FDA-488A-8855-7D543E6E2A0A}"
EndProject
Project("{FAE04EC0-301F-11D3-BF4B-00C04F79EFBC}") = "Exe10", "Exe10\Exe10.csproj", "{79DE35C5-68A8-46ED-B812-1DD663F9BA90}"
EndProject
Project("{FAE04EC0-301F-11D3-BF4B-00C04F79EFBC}") = "Exe11", "Exe11\Exe11.csproj", "{87C8450F-8C07-4AE4-AA27-5EA11D080453}"
EndProject
Project("{FAE04EC0-301F-11D3-BF4B-00C04F79EFBC}") = "Exe12", "Exe12\Exe12.csproj", "{7EAA2EFF-B1F4-4139-91E2-734A21092821}"
EndProject
Project("{FAE04EC0-301F-11D3-BF4B-00C04F79EFBC}") = "Exe13", "Exe13\Exe13.csproj", "{0B427A9A-B97F-4F9D-832F-44BE373EC6D1}"
EndProject
Global
	GlobalSection(SolutionConfigurationPlatforms) = preSolution
		Debug|Any CPU = Debug|Any CPU
		Release|Any CPU = Release|Any CPU
	EndGlobalSection
	GlobalSection(ProjectConfigurationPlatforms) = postSolution
		{3BD7C536-37EB-4C7A-9FA8-886B743B0AB0}.Debug|Any CPU.ActiveCfg = Debug|Any CPU
		{3BD7C536-37EB-4C7A-9FA8-886B743B0AB0}.Debug|Any CPU.Build.0 = Debug|Any CPU
		{3BD7C536-37EB-4C7A-9FA8-886B743B0AB0}.Release|Any CPU.ActiveCfg = Release|Any CPU
		{3BD7C536-37EB-4C7A-9FA8-886B743B0AB0}.Release|Any CPU.Build.0 = Release|Any CPU
		{78FACB1A-EDEE-4EF6-98FE-8751710330C5}.Debug|Any CPU.ActiveCfg = Debug|Any CPU
		{78FACB1A-EDEE-4EF6-98FE-8751710330C5}.Debug|Any CPU.Build.0 = Debug|Any CPU
		{78FACB1A-EDEE-4EF6-98FE-8751710330C5}.Release|Any CPU.ActiveCfg = Release|Any CPU
		{78FACB1A-EDEE-4EF6-98FE-8751710330C5}.Release|Any CPU.Build.0 = Release|Any CPU
		{09652E01-29E0-4449-9C5F-6F43E6C7CCCF}.Debug|Any CPU.ActiveCfg = Debug|Any CPU
		{09652E01-29E0-4449-9C5F-6F43E6C7CCCF}.Debug|Any CPU.Build.0 = Debug|Any CPU
		{09652E01-29E0-4449-9C5F-6F43E6C7CCCF}.Release|Any CPU.ActiveCfg = Release|Any CPU
		{09652E01-29E0-4449-9C5F-6F43E6C7CCCF}.Release|Any CPU.Build.0 = Release|Any CPU
		{A8B89B54-C8A2-44D9-8C49-5289EFD5401B}.Debug|Any CPU.ActiveCfg = Debug|Any CPU
		{A8B89B54-C8A2-44D9-8C49-5289EFD5401B}.Debug|Any CPU.Build.0 = Debug|Any CPU
		{A8B89B54-C8A2-44D9-8C49-5289EFD5401B}.Release|Any CPU.ActiveCfg = Release|Any CPU
		{A8B89B54-C8A2-44D9-8C49-5289EFD5401B}.Release|Any CPU.Build.0 = Release|Any CPU
		{820D5E68-C4BB-462B-8D61-3276D3410787}.Debug|Any CPU.ActiveCfg = Debug|Any CPU
		{820D5E68-C4BB-462B-8D61-3276D3410787}.Debug|Any CPU.Build.0 = Debug|Any CPU
		{820D5E68-C4BB-462B-8D61-3276D3410787}.Release|Any CPU.ActiveCfg = Release|Any CPU
		{820D5E68-C4BB-462B-8D61-3276D3410787}.Release|Any CPU.Build.0 = Release|Any CPU
		{6BD0BF17-2C7F-43B2-89F1-015F9EDCAE5A}.Debug|Any CPU.ActiveCfg = Debug|Any CPU
		{6BD0BF17-2C7F-43B2-89F1-015F9EDCAE5A}.Debug|Any CPU.Build.0 = Debug|Any CPU
		{6BD0BF17-2C7F-43B2-89F1-015F9EDCAE5A}.Release|Any CPU.ActiveCfg = Release|Any CPU
		{6BD0BF17-2C7F-43B2-89F1-015F9EDCAE5A}.Release|Any CPU.Build.0 = Release|Any CPU
		{CBF04D5A-7109-434D-AAA8-55B096220EAC}.Debug|Any CPU.ActiveCfg = Debug|Any CPU
		{CBF04D5A-7109-434D-AAA8-55B096220EAC}.Debug|Any CPU.Build.0 = Debug|Any CPU
		{CBF04D5A-7109-434D-AAA8-55B096220EAC}.Release|Any CPU.ActiveCfg = Release|Any CPU
		{CBF04D5A-7109-434D-AAA8-55B096220EAC}.Release|Any CPU.Build.0 = Release|Any CPU
		{6CAAF8DD-5813-42C9-92D2-52223FC30913}.Debug|Any CPU.ActiveCfg = Debug|Any CPU
		{6CAAF8DD-5813-42C9-92D2-52223FC30913}.Debug|Any CPU.Build.0 = Debug|Any CPU
		{6CAAF8DD-5813-42C9-92D2-52223FC30913}.Release|Any CPU.ActiveCfg = Release|Any CPU
		{6CAAF8DD-5813-42C9-92D2-52223FC30913}.Release|Any CPU.Build.0 = Release|Any CPU
		{558AAB45-0123-482F-92BD-996B918C0CF2}.Debug|Any CPU.ActiveCfg = Debug|Any CPU
		{558AAB45-0123-482F-92BD-996B918C0CF2}.Debug|Any CPU.Build.0 = Debug|Any CPU
		{558AAB45-0123-482F-92BD-996B918C0CF2}.Release|Any CPU.ActiveCfg = Release|Any CPU
		{558AAB45-0123-482F-92BD-996B918C0CF2}.Release|Any CPU.Build.0 = Release|Any CPU
		{2F734685-0FDA-488A-8855-7D543E6E2A0A}.Debug|Any CPU.ActiveCfg = Debug|Any CPU
		{2F734685-0FDA-488A-8855-7D543E6E2A0A}.Debug|Any CPU.Build.0 = Debug|Any CPU
		{2F734685-0FDA-488A-8855-7D543E6E2A0A}.Release|Any CPU.ActiveCfg = Release|Any CPU
		{2F734685-0FDA-488A-8855-7D543E6E2A0A}.Release|Any CPU.Build.0 = Release|Any CPU
		{79DE35C5-68A8-46ED-B812-1DD663F9BA90}.Debug|Any CPU.ActiveCfg = Debug|Any CPU
		{79DE35C5-68A8-46ED-B812-1DD663F9BA90}.Debug|Any CPU.Build.0 = Debug|Any CPU
		{79DE35C5-68A8-46ED-B812-1DD663F9BA90}.Release|Any CPU.ActiveCfg = Release|Any CPU
		{79DE35C5-68A8-46ED-B812-1DD663F9BA90}.Release|Any CPU.Build.0 = Release|Any CPU
		{87C8450F-8C07-4AE4-AA27-5EA11D080453}.Debug|Any CPU.ActiveCfg = Debug|Any CPU
		{87C8450F-8C07-4AE4-AA27-5EA11D080453}.Debug|Any CPU.Build.0 = Debug|Any CPU
		{87C8450F-8C07-4AE4-AA27-5EA11D080453}.Release|Any CPU.ActiveCfg = Release|Any CPU
		{87C8450F-8C07-4AE4-AA27-5EA11D080453}.Release|Any CPU.Build.0 = Release|Any CPU
		{7EAA2EFF-B1F4-4139-91E2-734A21092821}.Debug|Any CPU.ActiveCfg = Debug|Any CPU
		{7EAA2EFF-B1F4-4139-91E2-734A21092821}.Debug|Any CPU.Build.0 = Debug|Any CPU
		{7EAA2EFF-B1F4-4139-91E2-734A21092821}.Release|Any CPU.ActiveCfg = Release|Any CPU
		{7EAA2EFF-B1F4-4139-91E2-734A21092821}.Release|Any CPU.Build.0 = Release|Any CPU
		{0B427A9A-B97F-4F9D-832F-44BE373EC6D1}.Debug|Any CPU.ActiveCfg = Debug|Any CPU
		{0B427A9A-B97F-4F9D-832F-44BE373EC6D1}.Debug|Any CPU.Build.0 = Debug|Any CPU
		{0B427A9A-B97F-4F9D-832F-44BE373EC6D1}.Release|Any CPU.ActiveCfg = Release|Any CPU
		{0B427A9A-B97F-4F9D-832F-44BE373EC6D1}.Release|Any CPU.Build.0 = Release|Any CPU
	EndGlobalSection
	GlobalSection(SolutionProperties) = preSolution
		HideSolutionNode = FALSE
	EndGlobalSection
	GlobalSection(ExtensibilityGlobals) = postSolution
		SolutionGuid = {CCA63A15-F428-4EC3-ABE1-A6FA88F4D5F5}
	EndGlobalSection
EndGlobal
